
Microsoft Visual Studio Solution File, Format Version 12.00
Project("{FAE04EC0-301F-11D3-BF4B-00C04F79EFBC}") = "CLI", "CLI\CLI.csproj", "{B7ADC09F-D482-452D-8C6C-1EC97A3FDCC9}"
EndProject
Project("{FAE04EC0-301F-11D3-BF4B-00C04F79EFBC}") = "Lexer", "Lexer\Lexer.csproj", "{48D59443-AFCE-48D3-BE94-A239E841A9E2}"
EndProject
Project("{FAE04EC0-301F-11D3-BF4B-00C04F79EFBC}") = "SemanticAnalyzer", "SemanticAnalyzer\SemanticAnalyzer.csproj", "{804B77D2-7AFF-4634-8C3B-B5BDA5E6E39B}"
EndProject
Project("{FAE04EC0-301F-11D3-BF4B-00C04F79EFBC}") = "CodeGenerator", "CodeGenerator\CodeGenerator.csproj", "{2872075F-AEA9-4F36-864D-73D8CCF817C7}"
EndProject
Project("{FAE04EC0-301F-11D3-BF4B-00C04F79EFBC}") = "SyntaxAnalyzer", "SyntaxAnalyzer\SyntaxAnalyzer.csproj", "{E513C420-D65E-446C-A83D-AB219204C6CA}"
EndProject
Project("{FAE04EC0-301F-11D3-BF4B-00C04F79EFBC}") = "Shared", "Shared\Shared.csproj", "{F09AAE83-F893-4DE7-9BA4-4D22B0A703FB}"
EndProject
Project("{FAE04EC0-301F-11D3-BF4B-00C04F79EFBC}") = "Web", "Web\Web.csproj", "{7C15BCDB-DC82-4741-ACF0-73C192DB509F}"
EndProject
Project("{FAE04EC0-301F-11D3-BF4B-00C04F79EFBC}") = "SyntaxAnalyzer.Tests", "SyntaxAnalyzer.Tests\SyntaxAnalyzer.Tests.csproj", "{428AB7F4-ADB6-4340-8D61-61A292F19F5D}"
EndProject
Project("{FAE04EC0-301F-11D3-BF4B-00C04F79EFBC}") = "Lexer.Tests", "Lexer.Tests\Lexer.Tests.csproj", "{DB0B18E8-62E1-455F-8BBB-D334136356E1}"
EndProject
Project("{FAE04EC0-301F-11D3-BF4B-00C04F79EFBC}") = "SemanticAnalyzer.Tests", "SemanticAnalyzer.Tests\SemanticAnalyzer.Tests.csproj", "{03B164CE-176E-4B82-80FD-566517CCF0E1}"
EndProject
Project("{FAE04EC0-301F-11D3-BF4B-00C04F79EFBC}") = "CodeGenerator.Tests", "CodeGenerator.Tests\CodeGenerator.Tests.csproj", "{7E723EC1-74B1-4E8C-A5BD-E253F2A3FF20}"
EndProject
Global
	GlobalSection(SolutionConfigurationPlatforms) = preSolution
		Debug|Any CPU = Debug|Any CPU
		Release|Any CPU = Release|Any CPU
	EndGlobalSection
	GlobalSection(ProjectConfigurationPlatforms) = postSolution
		{B7ADC09F-D482-452D-8C6C-1EC97A3FDCC9}.Debug|Any CPU.ActiveCfg = Debug|Any CPU
		{B7ADC09F-D482-452D-8C6C-1EC97A3FDCC9}.Debug|Any CPU.Build.0 = Debug|Any CPU
		{B7ADC09F-D482-452D-8C6C-1EC97A3FDCC9}.Release|Any CPU.ActiveCfg = Release|Any CPU
		{B7ADC09F-D482-452D-8C6C-1EC97A3FDCC9}.Release|Any CPU.Build.0 = Release|Any CPU
		{48D59443-AFCE-48D3-BE94-A239E841A9E2}.Debug|Any CPU.ActiveCfg = Debug|Any CPU
		{48D59443-AFCE-48D3-BE94-A239E841A9E2}.Debug|Any CPU.Build.0 = Debug|Any CPU
		{48D59443-AFCE-48D3-BE94-A239E841A9E2}.Release|Any CPU.ActiveCfg = Release|Any CPU
		{48D59443-AFCE-48D3-BE94-A239E841A9E2}.Release|Any CPU.Build.0 = Release|Any CPU
		{804B77D2-7AFF-4634-8C3B-B5BDA5E6E39B}.Debug|Any CPU.ActiveCfg = Debug|Any CPU
		{804B77D2-7AFF-4634-8C3B-B5BDA5E6E39B}.Debug|Any CPU.Build.0 = Debug|Any CPU
		{804B77D2-7AFF-4634-8C3B-B5BDA5E6E39B}.Release|Any CPU.ActiveCfg = Release|Any CPU
		{804B77D2-7AFF-4634-8C3B-B5BDA5E6E39B}.Release|Any CPU.Build.0 = Release|Any CPU
		{2872075F-AEA9-4F36-864D-73D8CCF817C7}.Debug|Any CPU.ActiveCfg = Debug|Any CPU
		{2872075F-AEA9-4F36-864D-73D8CCF817C7}.Debug|Any CPU.Build.0 = Debug|Any CPU
		{2872075F-AEA9-4F36-864D-73D8CCF817C7}.Release|Any CPU.ActiveCfg = Release|Any CPU
		{2872075F-AEA9-4F36-864D-73D8CCF817C7}.Release|Any CPU.Build.0 = Release|Any CPU
		{E513C420-D65E-446C-A83D-AB219204C6CA}.Debug|Any CPU.ActiveCfg = Debug|Any CPU
		{E513C420-D65E-446C-A83D-AB219204C6CA}.Debug|Any CPU.Build.0 = Debug|Any CPU
		{E513C420-D65E-446C-A83D-AB219204C6CA}.Release|Any CPU.ActiveCfg = Release|Any CPU
		{E513C420-D65E-446C-A83D-AB219204C6CA}.Release|Any CPU.Build.0 = Release|Any CPU
		{F09AAE83-F893-4DE7-9BA4-4D22B0A703FB}.Debug|Any CPU.ActiveCfg = Debug|Any CPU
		{F09AAE83-F893-4DE7-9BA4-4D22B0A703FB}.Debug|Any CPU.Build.0 = Debug|Any CPU
		{F09AAE83-F893-4DE7-9BA4-4D22B0A703FB}.Release|Any CPU.ActiveCfg = Release|Any CPU
		{F09AAE83-F893-4DE7-9BA4-4D22B0A703FB}.Release|Any CPU.Build.0 = Release|Any CPU
		{7C15BCDB-DC82-4741-ACF0-73C192DB509F}.Debug|Any CPU.ActiveCfg = Debug|Any CPU
		{7C15BCDB-DC82-4741-ACF0-73C192DB509F}.Debug|Any CPU.Build.0 = Debug|Any CPU
		{7C15BCDB-DC82-4741-ACF0-73C192DB509F}.Release|Any CPU.ActiveCfg = Release|Any CPU
		{7C15BCDB-DC82-4741-ACF0-73C192DB509F}.Release|Any CPU.Build.0 = Release|Any CPU
		{428AB7F4-ADB6-4340-8D61-61A292F19F5D}.Debug|Any CPU.ActiveCfg = Debug|Any CPU
		{428AB7F4-ADB6-4340-8D61-61A292F19F5D}.Debug|Any CPU.Build.0 = Debug|Any CPU
		{428AB7F4-ADB6-4340-8D61-61A292F19F5D}.Release|Any CPU.ActiveCfg = Release|Any CPU
		{428AB7F4-ADB6-4340-8D61-61A292F19F5D}.Release|Any CPU.Build.0 = Release|Any CPU
		{DB0B18E8-62E1-455F-8BBB-D334136356E1}.Debug|Any CPU.ActiveCfg = Debug|Any CPU
		{DB0B18E8-62E1-455F-8BBB-D334136356E1}.Debug|Any CPU.Build.0 = Debug|Any CPU
		{DB0B18E8-62E1-455F-8BBB-D334136356E1}.Release|Any CPU.ActiveCfg = Release|Any CPU
		{DB0B18E8-62E1-455F-8BBB-D334136356E1}.Release|Any CPU.Build.0 = Release|Any CPU
		{03B164CE-176E-4B82-80FD-566517CCF0E1}.Debug|Any CPU.ActiveCfg = Debug|Any CPU
		{03B164CE-176E-4B82-80FD-566517CCF0E1}.Debug|Any CPU.Build.0 = Debug|Any CPU
		{03B164CE-176E-4B82-80FD-566517CCF0E1}.Release|Any CPU.ActiveCfg = Release|Any CPU
		{03B164CE-176E-4B82-80FD-566517CCF0E1}.Release|Any CPU.Build.0 = Release|Any CPU
		{7E723EC1-74B1-4E8C-A5BD-E253F2A3FF20}.Debug|Any CPU.ActiveCfg = Debug|Any CPU
		{7E723EC1-74B1-4E8C-A5BD-E253F2A3FF20}.Debug|Any CPU.Build.0 = Debug|Any CPU
		{7E723EC1-74B1-4E8C-A5BD-E253F2A3FF20}.Release|Any CPU.ActiveCfg = Release|Any CPU
		{7E723EC1-74B1-4E8C-A5BD-E253F2A3FF20}.Release|Any CPU.Build.0 = Release|Any CPU
	EndGlobalSection
EndGlobal
